// !$*UTF8*$!
{
	archiveVersion = 1;
	classes = {
	};
	objectVersion = 46;
	objects = {

/* Begin PBXBuildFile section */
		DA5B27C31E0AC22A00E36CE9 /* Rswift.framework in Frameworks */ = {isa = PBXBuildFile; fileRef = DA5B27C21E0AC22A00E36CE9 /* Rswift.framework */; };
		DA7A027A1DFF638300FF2EAE /* ColorCalendar.framework in Frameworks */ = {isa = PBXBuildFile; fileRef = DA7A02701DFF638300FF2EAE /* ColorCalendar.framework */; };
		DA7A027F1DFF638300FF2EAE /* ColorHighlightTests.swift in Sources */ = {isa = PBXBuildFile; fileRef = DA7A027E1DFF638300FF2EAE /* ColorHighlightTests.swift */; };
		DA7A02811DFF638300FF2EAE /* ColorCalendar.h in Headers */ = {isa = PBXBuildFile; fileRef = DA7A02731DFF638300FF2EAE /* ColorCalendar.h */; settings = {ATTRIBUTES = (Public, ); }; };
		DA8205AC1E631CB90096C949 /* ShiftRotaGenerator.swift in Sources */ = {isa = PBXBuildFile; fileRef = DA8205AB1E631CB90096C949 /* ShiftRotaGenerator.swift */; };
		DA8205AE1E631DD10096C949 /* ShiftRotaGeneratorTests.swift in Sources */ = {isa = PBXBuildFile; fileRef = DA8205AD1E631DD10096C949 /* ShiftRotaGeneratorTests.swift */; };
		DA8205B21E6327DC0096C949 /* WorkShiftTests.swift in Sources */ = {isa = PBXBuildFile; fileRef = DA8205B11E6327DC0096C949 /* WorkShiftTests.swift */; };
		DA9195181E05C22300511224 /* ColorCalendarView.swift in Sources */ = {isa = PBXBuildFile; fileRef = DA9195171E05C22300511224 /* ColorCalendarView.swift */; };
		DAA2F5161E09DF0200CC6741 /* SnapKit.framework in Frameworks */ = {isa = PBXBuildFile; fileRef = DAA2F5151E09DF0200CC6741 /* SnapKit.framework */; };
		DAA2F5181E09E0A200CC6741 /* Assets.xcassets in Resources */ = {isa = PBXBuildFile; fileRef = DAA2F5171E09E0A200CC6741 /* Assets.xcassets */; };
		DAA702B91E145ED100911134 /* CalendarColors.swift in Sources */ = {isa = PBXBuildFile; fileRef = DAA702B81E145ED100911134 /* CalendarColors.swift */; };
		DAA7AD751E11B383005625E5 /* ColorCalendarCollectionViewCell.swift in Sources */ = {isa = PBXBuildFile; fileRef = DAA7AD741E11B383005625E5 /* ColorCalendarCollectionViewCell.swift */; };
		DAA7AD771E11C2DB005625E5 /* CalendarHightlight.swift in Sources */ = {isa = PBXBuildFile; fileRef = DAA7AD761E11C2DB005625E5 /* CalendarHightlight.swift */; };
		DAB7CD5F1E0C1DC800C94638 /* AppDelegate.swift in Sources */ = {isa = PBXBuildFile; fileRef = DAB7CD5E1E0C1DC800C94638 /* AppDelegate.swift */; };
		DAB7CD611E0C1DC800C94638 /* ViewController.swift in Sources */ = {isa = PBXBuildFile; fileRef = DAB7CD601E0C1DC800C94638 /* ViewController.swift */; };
		DAB7CD641E0C1DC800C94638 /* Main.storyboard in Resources */ = {isa = PBXBuildFile; fileRef = DAB7CD621E0C1DC800C94638 /* Main.storyboard */; };
		DAB7CD661E0C1DC800C94638 /* Assets.xcassets in Resources */ = {isa = PBXBuildFile; fileRef = DAB7CD651E0C1DC800C94638 /* Assets.xcassets */; };
		DAB7CD691E0C1DC800C94638 /* LaunchScreen.storyboard in Resources */ = {isa = PBXBuildFile; fileRef = DAB7CD671E0C1DC800C94638 /* LaunchScreen.storyboard */; };
		DAB7CD741E0C1DC800C94638 /* RosterCalendarColorsTests.swift in Sources */ = {isa = PBXBuildFile; fileRef = DAB7CD731E0C1DC800C94638 /* RosterCalendarColorsTests.swift */; };
		DAB7CD7F1E0C1DC800C94638 /* WorkRosterAppUITests.swift in Sources */ = {isa = PBXBuildFile; fileRef = DAB7CD7E1E0C1DC800C94638 /* WorkRosterAppUITests.swift */; };
		DAB7CD8D1E0C1FE600C94638 /* ColorCalendar.framework in Frameworks */ = {isa = PBXBuildFile; fileRef = DA7A02701DFF638300FF2EAE /* ColorCalendar.framework */; };
		DAB7CD8E1E0C1FE600C94638 /* ColorCalendar.framework in Embed Frameworks */ = {isa = PBXBuildFile; fileRef = DA7A02701DFF638300FF2EAE /* ColorCalendar.framework */; settings = {ATTRIBUTES = (CodeSignOnCopy, RemoveHeadersOnCopy, ); }; };
		DAB7CD921E0C200E00C94638 /* SnapKit.framework in Frameworks */ = {isa = PBXBuildFile; fileRef = DAA2F5151E09DF0200CC6741 /* SnapKit.framework */; };
		DAB7CD931E0C200E00C94638 /* SnapKit.framework in Embed Frameworks */ = {isa = PBXBuildFile; fileRef = DAA2F5151E09DF0200CC6741 /* SnapKit.framework */; settings = {ATTRIBUTES = (CodeSignOnCopy, RemoveHeadersOnCopy, ); }; };
		DAB7CD941E0C202A00C94638 /* Rswift.framework in Frameworks */ = {isa = PBXBuildFile; fileRef = DA5B27C21E0AC22A00E36CE9 /* Rswift.framework */; };
		DAB7CD951E0C202A00C94638 /* Rswift.framework in Embed Frameworks */ = {isa = PBXBuildFile; fileRef = DA5B27C21E0AC22A00E36CE9 /* Rswift.framework */; settings = {ATTRIBUTES = (CodeSignOnCopy, RemoveHeadersOnCopy, ); }; };
		DADA93331E2528EB000C3693 /* WorkSchemeTests.swift in Sources */ = {isa = PBXBuildFile; fileRef = DADA93321E2528EB000C3693 /* WorkSchemeTests.swift */; };
		DADA93381E252FDD000C3693 /* Localizable.strings in Resources */ = {isa = PBXBuildFile; fileRef = DADA93351E252FDD000C3693 /* Localizable.strings */; };
		DADA933C1E253047000C3693 /* Localizable.strings in Resources */ = {isa = PBXBuildFile; fileRef = DADA933E1E253047000C3693 /* Localizable.strings */; };
		DAEE47361E1D48F500086823 /* RosterCalendarColors.swift in Sources */ = {isa = PBXBuildFile; fileRef = DAEE47351E1D48F500086823 /* RosterCalendarColors.swift */; };
		DAEE47491E1D722B00086823 /* Roster.framework in Frameworks */ = {isa = PBXBuildFile; fileRef = DAEE47401E1D722A00086823 /* Roster.framework */; };
		DAEE47501E1D722B00086823 /* RosterTests.swift in Sources */ = {isa = PBXBuildFile; fileRef = DAEE474F1E1D722B00086823 /* RosterTests.swift */; };
		DAEE47521E1D722B00086823 /* Roster.h in Headers */ = {isa = PBXBuildFile; fileRef = DAEE47421E1D722A00086823 /* Roster.h */; settings = {ATTRIBUTES = (Public, ); }; };
		DAEE47551E1D722B00086823 /* Roster.framework in Frameworks */ = {isa = PBXBuildFile; fileRef = DAEE47401E1D722A00086823 /* Roster.framework */; };
		DAEE47561E1D722B00086823 /* Roster.framework in Embed Frameworks */ = {isa = PBXBuildFile; fileRef = DAEE47401E1D722A00086823 /* Roster.framework */; settings = {ATTRIBUTES = (CodeSignOnCopy, RemoveHeadersOnCopy, ); }; };
		DAEE475E1E1D725300086823 /* Roster.swift in Sources */ = {isa = PBXBuildFile; fileRef = DAEE475D1E1D725300086823 /* Roster.swift */; };
		DAEE47601E1D726D00086823 /* WorkShift.swift in Sources */ = {isa = PBXBuildFile; fileRef = DAEE475F1E1D726D00086823 /* WorkShift.swift */; };
		DAEE47641E1D823500086823 /* DefaultColorCalendarPalette.clr in Resources */ = {isa = PBXBuildFile; fileRef = DAEE47621E1D823500086823 /* DefaultColorCalendarPalette.clr */; };
		DAEE47651E1D823500086823 /* R.generated.swift in Sources */ = {isa = PBXBuildFile; fileRef = DAEE47631E1D823500086823 /* R.generated.swift */; };
		DAEE476A1E1D85CA00086823 /* R.generated.swift in Sources */ = {isa = PBXBuildFile; fileRef = DAEE47681E1D85CA00086823 /* R.generated.swift */; };
		DAEE476B1E1D85CA00086823 /* WorkRosterAppPalette.clr in Resources */ = {isa = PBXBuildFile; fileRef = DAEE47691E1D85CA00086823 /* WorkRosterAppPalette.clr */; };
		DAEE476D1E1EB6D200086823 /* Data.swift in Sources */ = {isa = PBXBuildFile; fileRef = DAEE476C1E1EB6D200086823 /* Data.swift */; };
		DAEE476F1E1ED28100086823 /* WorkScheme.swift in Sources */ = {isa = PBXBuildFile; fileRef = DAEE476E1E1ED28100086823 /* WorkScheme.swift */; };
		DAEE47711E1EDE8500086823 /* RosterCalendarControlView.swift in Sources */ = {isa = PBXBuildFile; fileRef = DAEE47701E1EDE8500086823 /* RosterCalendarControlView.swift */; };
/* End PBXBuildFile section */

/* Begin PBXContainerItemProxy section */
		DA7A027B1DFF638300FF2EAE /* PBXContainerItemProxy */ = {
			isa = PBXContainerItemProxy;
			containerPortal = DA7A02671DFF638300FF2EAE /* Project object */;
			proxyType = 1;
			remoteGlobalIDString = DA7A026F1DFF638300FF2EAE;
			remoteInfo = ColorCalendar;
		};
		DAA7AD7A1E12A40F005625E5 /* PBXContainerItemProxy */ = {
			isa = PBXContainerItemProxy;
			containerPortal = DA7A02671DFF638300FF2EAE /* Project object */;
			proxyType = 1;
			remoteGlobalIDString = DAB7CD5B1E0C1DC800C94638;
			remoteInfo = WorkRosterApp;
		};
		DAB7CD701E0C1DC800C94638 /* PBXContainerItemProxy */ = {
			isa = PBXContainerItemProxy;
			containerPortal = DA7A02671DFF638300FF2EAE /* Project object */;
			proxyType = 1;
			remoteGlobalIDString = DAB7CD5B1E0C1DC800C94638;
			remoteInfo = WorkRosterApp;
		};
		DAB7CD7B1E0C1DC800C94638 /* PBXContainerItemProxy */ = {
			isa = PBXContainerItemProxy;
			containerPortal = DA7A02671DFF638300FF2EAE /* Project object */;
			proxyType = 1;
			remoteGlobalIDString = DAB7CD5B1E0C1DC800C94638;
			remoteInfo = WorkRosterApp;
		};
		DAB7CD8F1E0C1FE600C94638 /* PBXContainerItemProxy */ = {
			isa = PBXContainerItemProxy;
			containerPortal = DA7A02671DFF638300FF2EAE /* Project object */;
			proxyType = 1;
			remoteGlobalIDString = DA7A026F1DFF638300FF2EAE;
			remoteInfo = ColorCalendar;
		};
		DAEE474A1E1D722B00086823 /* PBXContainerItemProxy */ = {
			isa = PBXContainerItemProxy;
			containerPortal = DA7A02671DFF638300FF2EAE /* Project object */;
			proxyType = 1;
			remoteGlobalIDString = DAEE473F1E1D722A00086823;
			remoteInfo = Roster;
		};
		DAEE474C1E1D722B00086823 /* PBXContainerItemProxy */ = {
			isa = PBXContainerItemProxy;
			containerPortal = DA7A02671DFF638300FF2EAE /* Project object */;
			proxyType = 1;
			remoteGlobalIDString = DAB7CD5B1E0C1DC800C94638;
			remoteInfo = WorkRosterApp;
		};
		DAEE47531E1D722B00086823 /* PBXContainerItemProxy */ = {
			isa = PBXContainerItemProxy;
			containerPortal = DA7A02671DFF638300FF2EAE /* Project object */;
			proxyType = 1;
			remoteGlobalIDString = DAEE473F1E1D722A00086823;
			remoteInfo = Roster;
		};
/* End PBXContainerItemProxy section */

/* Begin PBXCopyFilesBuildPhase section */
		DAB7CD911E0C1FE600C94638 /* Embed Frameworks */ = {
			isa = PBXCopyFilesBuildPhase;
			buildActionMask = 2147483647;
			dstPath = "";
			dstSubfolderSpec = 10;
			files = (
				DAB7CD8E1E0C1FE600C94638 /* ColorCalendar.framework in Embed Frameworks */,
				DAB7CD951E0C202A00C94638 /* Rswift.framework in Embed Frameworks */,
				DAB7CD931E0C200E00C94638 /* SnapKit.framework in Embed Frameworks */,
				DAEE47561E1D722B00086823 /* Roster.framework in Embed Frameworks */,
			);
			name = "Embed Frameworks";
			runOnlyForDeploymentPostprocessing = 0;
		};
/* End PBXCopyFilesBuildPhase section */

/* Begin PBXFileReference section */
		DA5B27C21E0AC22A00E36CE9 /* Rswift.framework */ = {isa = PBXFileReference; lastKnownFileType = wrapper.framework; name = Rswift.framework; path = Carthage/Build/iOS/Rswift.framework; sourceTree = "<group>"; };
		DA7A02701DFF638300FF2EAE /* ColorCalendar.framework */ = {isa = PBXFileReference; explicitFileType = wrapper.framework; includeInIndex = 0; path = ColorCalendar.framework; sourceTree = BUILT_PRODUCTS_DIR; };
		DA7A02731DFF638300FF2EAE /* ColorCalendar.h */ = {isa = PBXFileReference; lastKnownFileType = sourcecode.c.h; path = ColorCalendar.h; sourceTree = "<group>"; };
		DA7A02741DFF638300FF2EAE /* Info.plist */ = {isa = PBXFileReference; lastKnownFileType = text.plist.xml; path = Info.plist; sourceTree = "<group>"; };
		DA7A02791DFF638300FF2EAE /* ColorCalendarTests.xctest */ = {isa = PBXFileReference; explicitFileType = wrapper.cfbundle; includeInIndex = 0; path = ColorCalendarTests.xctest; sourceTree = BUILT_PRODUCTS_DIR; };
		DA7A027E1DFF638300FF2EAE /* ColorHighlightTests.swift */ = {isa = PBXFileReference; lastKnownFileType = sourcecode.swift; path = ColorHighlightTests.swift; sourceTree = "<group>"; };
		DA7A02801DFF638300FF2EAE /* Info.plist */ = {isa = PBXFileReference; lastKnownFileType = text.plist.xml; path = Info.plist; sourceTree = "<group>"; };
		DA8205AB1E631CB90096C949 /* ShiftRotaGenerator.swift */ = {isa = PBXFileReference; fileEncoding = 4; lastKnownFileType = sourcecode.swift; path = ShiftRotaGenerator.swift; sourceTree = "<group>"; };
		DA8205AD1E631DD10096C949 /* ShiftRotaGeneratorTests.swift */ = {isa = PBXFileReference; fileEncoding = 4; lastKnownFileType = sourcecode.swift; path = ShiftRotaGeneratorTests.swift; sourceTree = "<group>"; };
		DA8205B11E6327DC0096C949 /* WorkShiftTests.swift */ = {isa = PBXFileReference; fileEncoding = 4; lastKnownFileType = sourcecode.swift; path = WorkShiftTests.swift; sourceTree = "<group>"; };
		DA9195171E05C22300511224 /* ColorCalendarView.swift */ = {isa = PBXFileReference; fileEncoding = 4; lastKnownFileType = sourcecode.swift; path = ColorCalendarView.swift; sourceTree = "<group>"; };
		DAA2F5151E09DF0200CC6741 /* SnapKit.framework */ = {isa = PBXFileReference; lastKnownFileType = wrapper.framework; name = SnapKit.framework; path = Carthage/Build/iOS/SnapKit.framework; sourceTree = "<group>"; };
		DAA2F5171E09E0A200CC6741 /* Assets.xcassets */ = {isa = PBXFileReference; lastKnownFileType = folder.assetcatalog; path = Assets.xcassets; sourceTree = "<group>"; };
		DAA702B81E145ED100911134 /* CalendarColors.swift */ = {isa = PBXFileReference; fileEncoding = 4; lastKnownFileType = sourcecode.swift; path = CalendarColors.swift; sourceTree = "<group>"; };
		DAA7AD741E11B383005625E5 /* ColorCalendarCollectionViewCell.swift */ = {isa = PBXFileReference; fileEncoding = 4; lastKnownFileType = sourcecode.swift; path = ColorCalendarCollectionViewCell.swift; sourceTree = "<group>"; };
		DAA7AD761E11C2DB005625E5 /* CalendarHightlight.swift */ = {isa = PBXFileReference; fileEncoding = 4; lastKnownFileType = sourcecode.swift; path = CalendarHightlight.swift; sourceTree = "<group>"; };
		DAB7CD5C1E0C1DC800C94638 /* WorkRosterApp.app */ = {isa = PBXFileReference; explicitFileType = wrapper.application; includeInIndex = 0; path = WorkRosterApp.app; sourceTree = BUILT_PRODUCTS_DIR; };
		DAB7CD5E1E0C1DC800C94638 /* AppDelegate.swift */ = {isa = PBXFileReference; lastKnownFileType = sourcecode.swift; path = AppDelegate.swift; sourceTree = "<group>"; };
		DAB7CD601E0C1DC800C94638 /* ViewController.swift */ = {isa = PBXFileReference; lastKnownFileType = sourcecode.swift; path = ViewController.swift; sourceTree = "<group>"; };
		DAB7CD631E0C1DC800C94638 /* Base */ = {isa = PBXFileReference; lastKnownFileType = file.storyboard; name = Base; path = Base.lproj/Main.storyboard; sourceTree = "<group>"; };
		DAB7CD651E0C1DC800C94638 /* Assets.xcassets */ = {isa = PBXFileReference; lastKnownFileType = folder.assetcatalog; path = Assets.xcassets; sourceTree = "<group>"; };
		DAB7CD681E0C1DC800C94638 /* Base */ = {isa = PBXFileReference; lastKnownFileType = file.storyboard; name = Base; path = Base.lproj/LaunchScreen.storyboard; sourceTree = "<group>"; };
		DAB7CD6A1E0C1DC800C94638 /* Info.plist */ = {isa = PBXFileReference; lastKnownFileType = text.plist.xml; path = Info.plist; sourceTree = "<group>"; };
		DAB7CD6F1E0C1DC800C94638 /* WorkRosterAppTests.xctest */ = {isa = PBXFileReference; explicitFileType = wrapper.cfbundle; includeInIndex = 0; path = WorkRosterAppTests.xctest; sourceTree = BUILT_PRODUCTS_DIR; };
		DAB7CD731E0C1DC800C94638 /* RosterCalendarColorsTests.swift */ = {isa = PBXFileReference; lastKnownFileType = sourcecode.swift; path = RosterCalendarColorsTests.swift; sourceTree = "<group>"; };
		DAB7CD751E0C1DC800C94638 /* Info.plist */ = {isa = PBXFileReference; lastKnownFileType = text.plist.xml; path = Info.plist; sourceTree = "<group>"; };
		DAB7CD7A1E0C1DC800C94638 /* WorkRosterAppUITests.xctest */ = {isa = PBXFileReference; explicitFileType = wrapper.cfbundle; includeInIndex = 0; path = WorkRosterAppUITests.xctest; sourceTree = BUILT_PRODUCTS_DIR; };
		DAB7CD7E1E0C1DC800C94638 /* WorkRosterAppUITests.swift */ = {isa = PBXFileReference; lastKnownFileType = sourcecode.swift; path = WorkRosterAppUITests.swift; sourceTree = "<group>"; };
		DAB7CD801E0C1DC800C94638 /* Info.plist */ = {isa = PBXFileReference; lastKnownFileType = text.plist.xml; path = Info.plist; sourceTree = "<group>"; };
		DADA93321E2528EB000C3693 /* WorkSchemeTests.swift */ = {isa = PBXFileReference; fileEncoding = 4; lastKnownFileType = sourcecode.swift; path = WorkSchemeTests.swift; sourceTree = "<group>"; };
		DADA93361E252FDD000C3693 /* en */ = {isa = PBXFileReference; lastKnownFileType = text.plist.strings; name = en; path = en.lproj/Localizable.strings; sourceTree = "<group>"; };
		DADA93371E252FDD000C3693 /* es-AR */ = {isa = PBXFileReference; lastKnownFileType = text.plist.strings; name = "es-AR"; path = "es-AR.lproj/Localizable.strings"; sourceTree = "<group>"; };
		DADA933D1E253047000C3693 /* en */ = {isa = PBXFileReference; lastKnownFileType = text.plist.strings; name = en; path = en.lproj/Localizable.strings; sourceTree = "<group>"; };
		DADA933F1E25304A000C3693 /* es-AR */ = {isa = PBXFileReference; lastKnownFileType = text.plist.strings; name = "es-AR"; path = "es-AR.lproj/Localizable.strings"; sourceTree = "<group>"; };
		DAEE47351E1D48F500086823 /* RosterCalendarColors.swift */ = {isa = PBXFileReference; fileEncoding = 4; lastKnownFileType = sourcecode.swift; path = RosterCalendarColors.swift; sourceTree = "<group>"; };
		DAEE47401E1D722A00086823 /* Roster.framework */ = {isa = PBXFileReference; explicitFileType = wrapper.framework; includeInIndex = 0; path = Roster.framework; sourceTree = BUILT_PRODUCTS_DIR; };
		DAEE47421E1D722A00086823 /* Roster.h */ = {isa = PBXFileReference; lastKnownFileType = sourcecode.c.h; path = Roster.h; sourceTree = "<group>"; };
		DAEE47431E1D722A00086823 /* Info.plist */ = {isa = PBXFileReference; lastKnownFileType = text.plist.xml; path = Info.plist; sourceTree = "<group>"; };
		DAEE47481E1D722B00086823 /* RosterTests.xctest */ = {isa = PBXFileReference; explicitFileType = wrapper.cfbundle; includeInIndex = 0; path = RosterTests.xctest; sourceTree = BUILT_PRODUCTS_DIR; };
		DAEE474F1E1D722B00086823 /* RosterTests.swift */ = {isa = PBXFileReference; lastKnownFileType = sourcecode.swift; path = RosterTests.swift; sourceTree = "<group>"; };
		DAEE47511E1D722B00086823 /* Info.plist */ = {isa = PBXFileReference; lastKnownFileType = text.plist.xml; path = Info.plist; sourceTree = "<group>"; };
		DAEE475D1E1D725300086823 /* Roster.swift */ = {isa = PBXFileReference; fileEncoding = 4; lastKnownFileType = sourcecode.swift; path = Roster.swift; sourceTree = "<group>"; };
		DAEE475F1E1D726D00086823 /* WorkShift.swift */ = {isa = PBXFileReference; fileEncoding = 4; lastKnownFileType = sourcecode.swift; path = WorkShift.swift; sourceTree = "<group>"; };
		DAEE47621E1D823500086823 /* DefaultColorCalendarPalette.clr */ = {isa = PBXFileReference; lastKnownFileType = file.bplist; path = DefaultColorCalendarPalette.clr; sourceTree = "<group>"; };
		DAEE47631E1D823500086823 /* R.generated.swift */ = {isa = PBXFileReference; fileEncoding = 4; lastKnownFileType = sourcecode.swift; path = R.generated.swift; sourceTree = "<group>"; };
		DAEE47681E1D85CA00086823 /* R.generated.swift */ = {isa = PBXFileReference; fileEncoding = 4; lastKnownFileType = sourcecode.swift; path = R.generated.swift; sourceTree = "<group>"; };
		DAEE47691E1D85CA00086823 /* WorkRosterAppPalette.clr */ = {isa = PBXFileReference; lastKnownFileType = file.bplist; path = WorkRosterAppPalette.clr; sourceTree = "<group>"; };
		DAEE476C1E1EB6D200086823 /* Data.swift */ = {isa = PBXFileReference; fileEncoding = 4; lastKnownFileType = sourcecode.swift; path = Data.swift; sourceTree = "<group>"; };
		DAEE476E1E1ED28100086823 /* WorkScheme.swift */ = {isa = PBXFileReference; fileEncoding = 4; lastKnownFileType = sourcecode.swift; path = WorkScheme.swift; sourceTree = "<group>"; };
		DAEE47701E1EDE8500086823 /* RosterCalendarControlView.swift */ = {isa = PBXFileReference; fileEncoding = 4; lastKnownFileType = sourcecode.swift; path = RosterCalendarControlView.swift; sourceTree = "<group>"; };
/* End PBXFileReference section */

/* Begin PBXFrameworksBuildPhase section */
		DA7A026C1DFF638300FF2EAE /* Frameworks */ = {
			isa = PBXFrameworksBuildPhase;
			buildActionMask = 2147483647;
			files = (
				DAA2F5161E09DF0200CC6741 /* SnapKit.framework in Frameworks */,
				DA5B27C31E0AC22A00E36CE9 /* Rswift.framework in Frameworks */,
			);
			runOnlyForDeploymentPostprocessing = 0;
		};
		DA7A02761DFF638300FF2EAE /* Frameworks */ = {
			isa = PBXFrameworksBuildPhase;
			buildActionMask = 2147483647;
			files = (
				DA7A027A1DFF638300FF2EAE /* ColorCalendar.framework in Frameworks */,
			);
			runOnlyForDeploymentPostprocessing = 0;
		};
		DAB7CD591E0C1DC800C94638 /* Frameworks */ = {
			isa = PBXFrameworksBuildPhase;
			buildActionMask = 2147483647;
			files = (
				DAB7CD8D1E0C1FE600C94638 /* ColorCalendar.framework in Frameworks */,
				DAB7CD941E0C202A00C94638 /* Rswift.framework in Frameworks */,
				DAB7CD921E0C200E00C94638 /* SnapKit.framework in Frameworks */,
				DAEE47551E1D722B00086823 /* Roster.framework in Frameworks */,
			);
			runOnlyForDeploymentPostprocessing = 0;
		};
		DAB7CD6C1E0C1DC800C94638 /* Frameworks */ = {
			isa = PBXFrameworksBuildPhase;
			buildActionMask = 2147483647;
			files = (
			);
			runOnlyForDeploymentPostprocessing = 0;
		};
		DAB7CD771E0C1DC800C94638 /* Frameworks */ = {
			isa = PBXFrameworksBuildPhase;
			buildActionMask = 2147483647;
			files = (
			);
			runOnlyForDeploymentPostprocessing = 0;
		};
		DAEE473C1E1D722A00086823 /* Frameworks */ = {
			isa = PBXFrameworksBuildPhase;
			buildActionMask = 2147483647;
			files = (
			);
			runOnlyForDeploymentPostprocessing = 0;
		};
		DAEE47451E1D722B00086823 /* Frameworks */ = {
			isa = PBXFrameworksBuildPhase;
			buildActionMask = 2147483647;
			files = (
				DAEE47491E1D722B00086823 /* Roster.framework in Frameworks */,
			);
			runOnlyForDeploymentPostprocessing = 0;
		};
/* End PBXFrameworksBuildPhase section */

/* Begin PBXGroup section */
		DA7A02661DFF638300FF2EAE = {
			isa = PBXGroup;
			children = (
				DA7A02721DFF638300FF2EAE /* ColorCalendar */,
				DA7A027D1DFF638300FF2EAE /* ColorCalendarTests */,
				DAB7CD5D1E0C1DC800C94638 /* WorkRosterApp */,
				DAB7CD721E0C1DC800C94638 /* WorkRosterAppTests */,
				DAB7CD7D1E0C1DC800C94638 /* WorkRosterAppUITests */,
				DAEE47411E1D722A00086823 /* Roster */,
				DAEE474E1E1D722B00086823 /* RosterTests */,
				DA7A02711DFF638300FF2EAE /* Products */,
				DAA2F5151E09DF0200CC6741 /* SnapKit.framework */,
				DA5B27C21E0AC22A00E36CE9 /* Rswift.framework */,
			);
			sourceTree = "<group>";
		};
		DA7A02711DFF638300FF2EAE /* Products */ = {
			isa = PBXGroup;
			children = (
				DA7A02701DFF638300FF2EAE /* ColorCalendar.framework */,
				DA7A02791DFF638300FF2EAE /* ColorCalendarTests.xctest */,
				DAB7CD5C1E0C1DC800C94638 /* WorkRosterApp.app */,
				DAB7CD6F1E0C1DC800C94638 /* WorkRosterAppTests.xctest */,
				DAB7CD7A1E0C1DC800C94638 /* WorkRosterAppUITests.xctest */,
				DAEE47401E1D722A00086823 /* Roster.framework */,
				DAEE47481E1D722B00086823 /* RosterTests.xctest */,
			);
			name = Products;
			sourceTree = "<group>";
		};
		DA7A02721DFF638300FF2EAE /* ColorCalendar */ = {
			isa = PBXGroup;
			children = (
				DADA93341E252FDD000C3693 /* Localization */,
				DAEE47611E1D823500086823 /* R */,
				DA7A02731DFF638300FF2EAE /* ColorCalendar.h */,
				DA7A02741DFF638300FF2EAE /* Info.plist */,
				DA9195171E05C22300511224 /* ColorCalendarView.swift */,
				DAA2F5171E09E0A200CC6741 /* Assets.xcassets */,
				DAA7AD741E11B383005625E5 /* ColorCalendarCollectionViewCell.swift */,
				DAA7AD761E11C2DB005625E5 /* CalendarHightlight.swift */,
				DAA702B81E145ED100911134 /* CalendarColors.swift */,
			);
			path = ColorCalendar;
			sourceTree = "<group>";
		};
		DA7A027D1DFF638300FF2EAE /* ColorCalendarTests */ = {
			isa = PBXGroup;
			children = (
				DA7A027E1DFF638300FF2EAE /* ColorHighlightTests.swift */,
				DA7A02801DFF638300FF2EAE /* Info.plist */,
			);
			path = ColorCalendarTests;
			sourceTree = "<group>";
		};
		DAB7CD5D1E0C1DC800C94638 /* WorkRosterApp */ = {
			isa = PBXGroup;
			children = (
				DADA93391E25302E000C3693 /* Localization */,
				DAEE47671E1D85CA00086823 /* R */,
				DAB7CD5E1E0C1DC800C94638 /* AppDelegate.swift */,
				DAB7CD601E0C1DC800C94638 /* ViewController.swift */,
				DAB7CD621E0C1DC800C94638 /* Main.storyboard */,
				DAB7CD651E0C1DC800C94638 /* Assets.xcassets */,
				DAB7CD671E0C1DC800C94638 /* LaunchScreen.storyboard */,
				DAB7CD6A1E0C1DC800C94638 /* Info.plist */,
				DAEE47351E1D48F500086823 /* RosterCalendarColors.swift */,
				DAEE476C1E1EB6D200086823 /* Data.swift */,
				DAEE47701E1EDE8500086823 /* RosterCalendarControlView.swift */,
			);
			path = WorkRosterApp;
			sourceTree = "<group>";
		};
		DAB7CD721E0C1DC800C94638 /* WorkRosterAppTests */ = {
			isa = PBXGroup;
			children = (
				DAB7CD731E0C1DC800C94638 /* RosterCalendarColorsTests.swift */,
				DAB7CD751E0C1DC800C94638 /* Info.plist */,
			);
			path = WorkRosterAppTests;
			sourceTree = "<group>";
		};
		DAB7CD7D1E0C1DC800C94638 /* WorkRosterAppUITests */ = {
			isa = PBXGroup;
			children = (
				DAB7CD7E1E0C1DC800C94638 /* WorkRosterAppUITests.swift */,
				DAB7CD801E0C1DC800C94638 /* Info.plist */,
			);
			path = WorkRosterAppUITests;
			sourceTree = "<group>";
		};
		DADA93341E252FDD000C3693 /* Localization */ = {
			isa = PBXGroup;
			children = (
				DADA93351E252FDD000C3693 /* Localizable.strings */,
			);
			path = Localization;
			sourceTree = "<group>";
		};
		DADA93391E25302E000C3693 /* Localization */ = {
			isa = PBXGroup;
			children = (
				DADA933E1E253047000C3693 /* Localizable.strings */,
			);
			path = Localization;
			sourceTree = "<group>";
		};
		DAEE47411E1D722A00086823 /* Roster */ = {
			isa = PBXGroup;
			children = (
				DAEE475F1E1D726D00086823 /* WorkShift.swift */,
				DAEE475D1E1D725300086823 /* Roster.swift */,
				DAEE47421E1D722A00086823 /* Roster.h */,
				DAEE47431E1D722A00086823 /* Info.plist */,
				DAEE476E1E1ED28100086823 /* WorkScheme.swift */,
				DA8205AB1E631CB90096C949 /* ShiftRotaGenerator.swift */,
			);
			path = Roster;
			sourceTree = "<group>";
		};
		DAEE474E1E1D722B00086823 /* RosterTests */ = {
			isa = PBXGroup;
			children = (
				DAEE474F1E1D722B00086823 /* RosterTests.swift */,
				DAEE47511E1D722B00086823 /* Info.plist */,
				DADA93321E2528EB000C3693 /* WorkSchemeTests.swift */,
				DA8205AD1E631DD10096C949 /* ShiftRotaGeneratorTests.swift */,
				DA8205B11E6327DC0096C949 /* WorkShiftTests.swift */,
			);
			path = RosterTests;
			sourceTree = "<group>";
		};
		DAEE47611E1D823500086823 /* R */ = {
			isa = PBXGroup;
			children = (
				DAEE47621E1D823500086823 /* DefaultColorCalendarPalette.clr */,
				DAEE47631E1D823500086823 /* R.generated.swift */,
			);
			path = R;
			sourceTree = "<group>";
		};
		DAEE47671E1D85CA00086823 /* R */ = {
			isa = PBXGroup;
			children = (
				DAEE47681E1D85CA00086823 /* R.generated.swift */,
				DAEE47691E1D85CA00086823 /* WorkRosterAppPalette.clr */,
			);
			path = R;
			sourceTree = "<group>";
		};
/* End PBXGroup section */

/* Begin PBXHeadersBuildPhase section */
		DA7A026D1DFF638300FF2EAE /* Headers */ = {
			isa = PBXHeadersBuildPhase;
			buildActionMask = 2147483647;
			files = (
				DA7A02811DFF638300FF2EAE /* ColorCalendar.h in Headers */,
			);
			runOnlyForDeploymentPostprocessing = 0;
		};
		DAEE473D1E1D722A00086823 /* Headers */ = {
			isa = PBXHeadersBuildPhase;
			buildActionMask = 2147483647;
			files = (
				DAEE47521E1D722B00086823 /* Roster.h in Headers */,
			);
			runOnlyForDeploymentPostprocessing = 0;
		};
/* End PBXHeadersBuildPhase section */

/* Begin PBXNativeTarget section */
		DA7A026F1DFF638300FF2EAE /* ColorCalendar */ = {
			isa = PBXNativeTarget;
			buildConfigurationList = DA7A02841DFF638400FF2EAE /* Build configuration list for PBXNativeTarget "ColorCalendar" */;
			buildPhases = (
				DA5B27D71E0ACC0C00E36CE9 /* R.swift */,
				DA7A026B1DFF638300FF2EAE /* Sources */,
				DA7A026C1DFF638300FF2EAE /* Frameworks */,
				DA7A026D1DFF638300FF2EAE /* Headers */,
				DA7A026E1DFF638300FF2EAE /* Resources */,
			);
			buildRules = (
			);
			dependencies = (
			);
			name = ColorCalendar;
			productName = ColorCalendar;
			productReference = DA7A02701DFF638300FF2EAE /* ColorCalendar.framework */;
			productType = "com.apple.product-type.framework";
		};
		DA7A02781DFF638300FF2EAE /* ColorCalendarTests */ = {
			isa = PBXNativeTarget;
			buildConfigurationList = DA7A02871DFF638400FF2EAE /* Build configuration list for PBXNativeTarget "ColorCalendarTests" */;
			buildPhases = (
				DA7A02751DFF638300FF2EAE /* Sources */,
				DA7A02761DFF638300FF2EAE /* Frameworks */,
				DA7A02771DFF638300FF2EAE /* Resources */,
			);
			buildRules = (
			);
			dependencies = (
				DA7A027C1DFF638300FF2EAE /* PBXTargetDependency */,
				DAA7AD7B1E12A40F005625E5 /* PBXTargetDependency */,
			);
			name = ColorCalendarTests;
			productName = ColorCalendarTests;
			productReference = DA7A02791DFF638300FF2EAE /* ColorCalendarTests.xctest */;
			productType = "com.apple.product-type.bundle.unit-test";
		};
		DAB7CD5B1E0C1DC800C94638 /* WorkRosterApp */ = {
			isa = PBXNativeTarget;
			buildConfigurationList = DAB7CD811E0C1DC800C94638 /* Build configuration list for PBXNativeTarget "WorkRosterApp" */;
			buildPhases = (
				DAEE47661E1D83EF00086823 /* R.swift */,
				DAB7CD581E0C1DC800C94638 /* Sources */,
				DAB7CD591E0C1DC800C94638 /* Frameworks */,
				DAB7CD5A1E0C1DC800C94638 /* Resources */,
				DAB7CD911E0C1FE600C94638 /* Embed Frameworks */,
			);
			buildRules = (
			);
			dependencies = (
				DAB7CD901E0C1FE600C94638 /* PBXTargetDependency */,
				DAEE47541E1D722B00086823 /* PBXTargetDependency */,
			);
			name = WorkRosterApp;
			productName = WorkRosterApp;
			productReference = DAB7CD5C1E0C1DC800C94638 /* WorkRosterApp.app */;
			productType = "com.apple.product-type.application";
		};
		DAB7CD6E1E0C1DC800C94638 /* WorkRosterAppTests */ = {
			isa = PBXNativeTarget;
			buildConfigurationList = DAB7CD841E0C1DC800C94638 /* Build configuration list for PBXNativeTarget "WorkRosterAppTests" */;
			buildPhases = (
				DAB7CD6B1E0C1DC800C94638 /* Sources */,
				DAB7CD6C1E0C1DC800C94638 /* Frameworks */,
				DAB7CD6D1E0C1DC800C94638 /* Resources */,
			);
			buildRules = (
			);
			dependencies = (
				DAB7CD711E0C1DC800C94638 /* PBXTargetDependency */,
			);
			name = WorkRosterAppTests;
			productName = WorkRosterAppTests;
			productReference = DAB7CD6F1E0C1DC800C94638 /* WorkRosterAppTests.xctest */;
			productType = "com.apple.product-type.bundle.unit-test";
		};
		DAB7CD791E0C1DC800C94638 /* WorkRosterAppUITests */ = {
			isa = PBXNativeTarget;
			buildConfigurationList = DAB7CD871E0C1DC800C94638 /* Build configuration list for PBXNativeTarget "WorkRosterAppUITests" */;
			buildPhases = (
				DAB7CD761E0C1DC800C94638 /* Sources */,
				DAB7CD771E0C1DC800C94638 /* Frameworks */,
				DAB7CD781E0C1DC800C94638 /* Resources */,
			);
			buildRules = (
			);
			dependencies = (
				DAB7CD7C1E0C1DC800C94638 /* PBXTargetDependency */,
			);
			name = WorkRosterAppUITests;
			productName = WorkRosterAppUITests;
			productReference = DAB7CD7A1E0C1DC800C94638 /* WorkRosterAppUITests.xctest */;
			productType = "com.apple.product-type.bundle.ui-testing";
		};
		DAEE473F1E1D722A00086823 /* Roster */ = {
			isa = PBXNativeTarget;
			buildConfigurationList = DAEE47571E1D722B00086823 /* Build configuration list for PBXNativeTarget "Roster" */;
			buildPhases = (
				DAEE473B1E1D722A00086823 /* Sources */,
				DAEE473C1E1D722A00086823 /* Frameworks */,
				DAEE473D1E1D722A00086823 /* Headers */,
				DAEE473E1E1D722A00086823 /* Resources */,
			);
			buildRules = (
			);
			dependencies = (
			);
			name = Roster;
			productName = Roster;
			productReference = DAEE47401E1D722A00086823 /* Roster.framework */;
			productType = "com.apple.product-type.framework";
		};
		DAEE47471E1D722B00086823 /* RosterTests */ = {
			isa = PBXNativeTarget;
			buildConfigurationList = DAEE475A1E1D722B00086823 /* Build configuration list for PBXNativeTarget "RosterTests" */;
			buildPhases = (
				DAEE47441E1D722B00086823 /* Sources */,
				DAEE47451E1D722B00086823 /* Frameworks */,
				DAEE47461E1D722B00086823 /* Resources */,
			);
			buildRules = (
			);
			dependencies = (
				DAEE474B1E1D722B00086823 /* PBXTargetDependency */,
				DAEE474D1E1D722B00086823 /* PBXTargetDependency */,
			);
			name = RosterTests;
			productName = RosterTests;
			productReference = DAEE47481E1D722B00086823 /* RosterTests.xctest */;
			productType = "com.apple.product-type.bundle.unit-test";
		};
/* End PBXNativeTarget section */

/* Begin PBXProject section */
		DA7A02671DFF638300FF2EAE /* Project object */ = {
			isa = PBXProject;
			attributes = {
				LastSwiftUpdateCheck = 0820;
				LastUpgradeCheck = 0820;
				ORGANIZATIONNAME = Kartjuba;
				TargetAttributes = {
					DA7A026F1DFF638300FF2EAE = {
						CreatedOnToolsVersion = 8.1;
						DevelopmentTeam = GXB2YASNT3;
						LastSwiftMigration = 0820;
						ProvisioningStyle = Automatic;
					};
					DA7A02781DFF638300FF2EAE = {
						CreatedOnToolsVersion = 8.1;
						DevelopmentTeam = GXB2YASNT3;
						ProvisioningStyle = Automatic;
						TestTargetID = DAB7CD5B1E0C1DC800C94638;
					};
					DAB7CD5B1E0C1DC800C94638 = {
						CreatedOnToolsVersion = 8.2;
						DevelopmentTeam = GXB2YASNT3;
						ProvisioningStyle = Automatic;
					};
					DAB7CD6E1E0C1DC800C94638 = {
						CreatedOnToolsVersion = 8.2;
						DevelopmentTeam = GXB2YASNT3;
						ProvisioningStyle = Automatic;
						TestTargetID = DAB7CD5B1E0C1DC800C94638;
					};
					DAB7CD791E0C1DC800C94638 = {
						CreatedOnToolsVersion = 8.2;
						DevelopmentTeam = GXB2YASNT3;
						ProvisioningStyle = Automatic;
						TestTargetID = DAB7CD5B1E0C1DC800C94638;
					};
					DAEE473F1E1D722A00086823 = {
						CreatedOnToolsVersion = 8.2.1;
						DevelopmentTeam = GXB2YASNT3;
						LastSwiftMigration = 0820;
						ProvisioningStyle = Automatic;
					};
					DAEE47471E1D722B00086823 = {
						CreatedOnToolsVersion = 8.2.1;
						DevelopmentTeam = GXB2YASNT3;
						ProvisioningStyle = Automatic;
						TestTargetID = DAB7CD5B1E0C1DC800C94638;
					};
				};
			};
			buildConfigurationList = DA7A026A1DFF638300FF2EAE /* Build configuration list for PBXProject "ColorCalendar" */;
			compatibilityVersion = "Xcode 3.2";
			developmentRegion = English;
			hasScannedForEncodings = 0;
			knownRegions = (
				en,
				Base,
				"es-AR",
			);
			mainGroup = DA7A02661DFF638300FF2EAE;
			productRefGroup = DA7A02711DFF638300FF2EAE /* Products */;
			projectDirPath = "";
			projectRoot = "";
			targets = (
				DA7A026F1DFF638300FF2EAE /* ColorCalendar */,
				DA7A02781DFF638300FF2EAE /* ColorCalendarTests */,
				DAB7CD5B1E0C1DC800C94638 /* WorkRosterApp */,
				DAB7CD6E1E0C1DC800C94638 /* WorkRosterAppTests */,
				DAB7CD791E0C1DC800C94638 /* WorkRosterAppUITests */,
				DAEE473F1E1D722A00086823 /* Roster */,
				DAEE47471E1D722B00086823 /* RosterTests */,
			);
		};
/* End PBXProject section */

/* Begin PBXResourcesBuildPhase section */
		DA7A026E1DFF638300FF2EAE /* Resources */ = {
			isa = PBXResourcesBuildPhase;
			buildActionMask = 2147483647;
			files = (
				DAA2F5181E09E0A200CC6741 /* Assets.xcassets in Resources */,
				DADA93381E252FDD000C3693 /* Localizable.strings in Resources */,
				DAEE47641E1D823500086823 /* DefaultColorCalendarPalette.clr in Resources */,
			);
			runOnlyForDeploymentPostprocessing = 0;
		};
		DA7A02771DFF638300FF2EAE /* Resources */ = {
			isa = PBXResourcesBuildPhase;
			buildActionMask = 2147483647;
			files = (
			);
			runOnlyForDeploymentPostprocessing = 0;
		};
		DAB7CD5A1E0C1DC800C94638 /* Resources */ = {
			isa = PBXResourcesBuildPhase;
			buildActionMask = 2147483647;
			files = (
				DADA933C1E253047000C3693 /* Localizable.strings in Resources */,
				DAB7CD691E0C1DC800C94638 /* LaunchScreen.storyboard in Resources */,
				DAEE476B1E1D85CA00086823 /* WorkRosterAppPalette.clr in Resources */,
				DAB7CD661E0C1DC800C94638 /* Assets.xcassets in Resources */,
				DAB7CD641E0C1DC800C94638 /* Main.storyboard in Resources */,
			);
			runOnlyForDeploymentPostprocessing = 0;
		};
		DAB7CD6D1E0C1DC800C94638 /* Resources */ = {
			isa = PBXResourcesBuildPhase;
			buildActionMask = 2147483647;
			files = (
			);
			runOnlyForDeploymentPostprocessing = 0;
		};
		DAB7CD781E0C1DC800C94638 /* Resources */ = {
			isa = PBXResourcesBuildPhase;
			buildActionMask = 2147483647;
			files = (
			);
			runOnlyForDeploymentPostprocessing = 0;
		};
		DAEE473E1E1D722A00086823 /* Resources */ = {
			isa = PBXResourcesBuildPhase;
			buildActionMask = 2147483647;
			files = (
			);
			runOnlyForDeploymentPostprocessing = 0;
		};
		DAEE47461E1D722B00086823 /* Resources */ = {
			isa = PBXResourcesBuildPhase;
			buildActionMask = 2147483647;
			files = (
			);
			runOnlyForDeploymentPostprocessing = 0;
		};
/* End PBXResourcesBuildPhase section */

/* Begin PBXShellScriptBuildPhase section */
		DA5B27D71E0ACC0C00E36CE9 /* R.swift */ = {
			isa = PBXShellScriptBuildPhase;
			buildActionMask = 2147483647;
			files = (
			);
			inputPaths = (
			);
			name = R.swift;
			outputPaths = (
			);
			runOnlyForDeploymentPostprocessing = 0;
			shellPath = /bin/sh;
			shellScript = "R_DIR=\"$SRCROOT/$PRODUCT_NAME/R\"\n\nrm \"$R_DIR/DefaultColorCalendarPalette.clr\" && ln ~/Library/Colors/DefaultColorCalendarPalette.clr \"$R_DIR/DefaultColorCalendarPalette.clr\"\n\n\"$SRCROOT/rswift\" \"$R_DIR\"";
		};
		DAEE47661E1D83EF00086823 /* R.swift */ = {
			isa = PBXShellScriptBuildPhase;
			buildActionMask = 2147483647;
			files = (
			);
			inputPaths = (
			);
			name = R.swift;
			outputPaths = (
			);
			runOnlyForDeploymentPostprocessing = 0;
			shellPath = /bin/sh;
			shellScript = "R_DIR=\"$SRCROOT/$PRODUCT_NAME/R\"\n\necho \"$R_DIR\"\n\nrm \"$R_DIR/WorkRosterAppPalette.clr\" 2> /dev/null && ln ~/Library/Colors/WorkRosterAppPalette.clr \"$R_DIR/WorkRosterAppPalette.clr\"\n\n\"$SRCROOT/rswift\" \"$R_DIR\"";
		};
/* End PBXShellScriptBuildPhase section */

/* Begin PBXSourcesBuildPhase section */
		DA7A026B1DFF638300FF2EAE /* Sources */ = {
			isa = PBXSourcesBuildPhase;
			buildActionMask = 2147483647;
			files = (
				DAA7AD751E11B383005625E5 /* ColorCalendarCollectionViewCell.swift in Sources */,
				DA9195181E05C22300511224 /* ColorCalendarView.swift in Sources */,
				DAEE47651E1D823500086823 /* R.generated.swift in Sources */,
				DAA702B91E145ED100911134 /* CalendarColors.swift in Sources */,
				DAA7AD771E11C2DB005625E5 /* CalendarHightlight.swift in Sources */,
			);
			runOnlyForDeploymentPostprocessing = 0;
		};
		DA7A02751DFF638300FF2EAE /* Sources */ = {
			isa = PBXSourcesBuildPhase;
			buildActionMask = 2147483647;
			files = (
				DA7A027F1DFF638300FF2EAE /* ColorHighlightTests.swift in Sources */,
			);
			runOnlyForDeploymentPostprocessing = 0;
		};
		DAB7CD581E0C1DC800C94638 /* Sources */ = {
			isa = PBXSourcesBuildPhase;
			buildActionMask = 2147483647;
			files = (
				DAB7CD611E0C1DC800C94638 /* ViewController.swift in Sources */,
				DAEE476D1E1EB6D200086823 /* Data.swift in Sources */,
				DAB7CD5F1E0C1DC800C94638 /* AppDelegate.swift in Sources */,
				DAEE47361E1D48F500086823 /* RosterCalendarColors.swift in Sources */,
				DAEE476A1E1D85CA00086823 /* R.generated.swift in Sources */,
				DAEE47711E1EDE8500086823 /* RosterCalendarControlView.swift in Sources */,
			);
			runOnlyForDeploymentPostprocessing = 0;
		};
		DAB7CD6B1E0C1DC800C94638 /* Sources */ = {
			isa = PBXSourcesBuildPhase;
			buildActionMask = 2147483647;
			files = (
				DAB7CD741E0C1DC800C94638 /* RosterCalendarColorsTests.swift in Sources */,
			);
			runOnlyForDeploymentPostprocessing = 0;
		};
		DAB7CD761E0C1DC800C94638 /* Sources */ = {
			isa = PBXSourcesBuildPhase;
			buildActionMask = 2147483647;
			files = (
				DAB7CD7F1E0C1DC800C94638 /* WorkRosterAppUITests.swift in Sources */,
			);
			runOnlyForDeploymentPostprocessing = 0;
		};
		DAEE473B1E1D722A00086823 /* Sources */ = {
			isa = PBXSourcesBuildPhase;
			buildActionMask = 2147483647;
			files = (
				DAEE475E1E1D725300086823 /* Roster.swift in Sources */,
				DAEE476F1E1ED28100086823 /* WorkScheme.swift in Sources */,
				DA8205AC1E631CB90096C949 /* ShiftRotaGenerator.swift in Sources */,
				DAEE47601E1D726D00086823 /* WorkShift.swift in Sources */,
			);
			runOnlyForDeploymentPostprocessing = 0;
		};
		DAEE47441E1D722B00086823 /* Sources */ = {
			isa = PBXSourcesBuildPhase;
			buildActionMask = 2147483647;
			files = (
				DAEE47501E1D722B00086823 /* RosterTests.swift in Sources */,
				DA8205AE1E631DD10096C949 /* ShiftRotaGeneratorTests.swift in Sources */,
				DADA93331E2528EB000C3693 /* WorkSchemeTests.swift in Sources */,
				DA8205B21E6327DC0096C949 /* WorkShiftTests.swift in Sources */,
			);
			runOnlyForDeploymentPostprocessing = 0;
		};
/* End PBXSourcesBuildPhase section */

/* Begin PBXTargetDependency section */
		DA7A027C1DFF638300FF2EAE /* PBXTargetDependency */ = {
			isa = PBXTargetDependency;
			target = DA7A026F1DFF638300FF2EAE /* ColorCalendar */;
			targetProxy = DA7A027B1DFF638300FF2EAE /* PBXContainerItemProxy */;
		};
		DAA7AD7B1E12A40F005625E5 /* PBXTargetDependency */ = {
			isa = PBXTargetDependency;
			target = DAB7CD5B1E0C1DC800C94638 /* WorkRosterApp */;
			targetProxy = DAA7AD7A1E12A40F005625E5 /* PBXContainerItemProxy */;
		};
		DAB7CD711E0C1DC800C94638 /* PBXTargetDependency */ = {
			isa = PBXTargetDependency;
			target = DAB7CD5B1E0C1DC800C94638 /* WorkRosterApp */;
			targetProxy = DAB7CD701E0C1DC800C94638 /* PBXContainerItemProxy */;
		};
		DAB7CD7C1E0C1DC800C94638 /* PBXTargetDependency */ = {
			isa = PBXTargetDependency;
			target = DAB7CD5B1E0C1DC800C94638 /* WorkRosterApp */;
			targetProxy = DAB7CD7B1E0C1DC800C94638 /* PBXContainerItemProxy */;
		};
		DAB7CD901E0C1FE600C94638 /* PBXTargetDependency */ = {
			isa = PBXTargetDependency;
			target = DA7A026F1DFF638300FF2EAE /* ColorCalendar */;
			targetProxy = DAB7CD8F1E0C1FE600C94638 /* PBXContainerItemProxy */;
		};
		DAEE474B1E1D722B00086823 /* PBXTargetDependency */ = {
			isa = PBXTargetDependency;
			target = DAEE473F1E1D722A00086823 /* Roster */;
			targetProxy = DAEE474A1E1D722B00086823 /* PBXContainerItemProxy */;
		};
		DAEE474D1E1D722B00086823 /* PBXTargetDependency */ = {
			isa = PBXTargetDependency;
			target = DAB7CD5B1E0C1DC800C94638 /* WorkRosterApp */;
			targetProxy = DAEE474C1E1D722B00086823 /* PBXContainerItemProxy */;
		};
		DAEE47541E1D722B00086823 /* PBXTargetDependency */ = {
			isa = PBXTargetDependency;
			target = DAEE473F1E1D722A00086823 /* Roster */;
			targetProxy = DAEE47531E1D722B00086823 /* PBXContainerItemProxy */;
		};
/* End PBXTargetDependency section */

/* Begin PBXVariantGroup section */
		DAB7CD621E0C1DC800C94638 /* Main.storyboard */ = {
			isa = PBXVariantGroup;
			children = (
				DAB7CD631E0C1DC800C94638 /* Base */,
			);
			name = Main.storyboard;
			sourceTree = "<group>";
		};
		DAB7CD671E0C1DC800C94638 /* LaunchScreen.storyboard */ = {
			isa = PBXVariantGroup;
			children = (
				DAB7CD681E0C1DC800C94638 /* Base */,
			);
			name = LaunchScreen.storyboard;
			sourceTree = "<group>";
		};
		DADA93351E252FDD000C3693 /* Localizable.strings */ = {
			isa = PBXVariantGroup;
			children = (
				DADA93361E252FDD000C3693 /* en */,
				DADA93371E252FDD000C3693 /* es-AR */,
			);
			name = Localizable.strings;
			sourceTree = "<group>";
		};
		DADA933E1E253047000C3693 /* Localizable.strings */ = {
			isa = PBXVariantGroup;
			children = (
				DADA933D1E253047000C3693 /* en */,
				DADA933F1E25304A000C3693 /* es-AR */,
			);
			name = Localizable.strings;
			sourceTree = "<group>";
		};
/* End PBXVariantGroup section */

/* Begin XCBuildConfiguration section */
		DA7A02821DFF638400FF2EAE /* Debug */ = {
			isa = XCBuildConfiguration;
			buildSettings = {
				ALWAYS_SEARCH_USER_PATHS = NO;
				CLANG_ANALYZER_LOCALIZABILITY_NONLOCALIZED = YES;
				CLANG_ANALYZER_NONNULL = YES;
				CLANG_CXX_LANGUAGE_STANDARD = "gnu++0x";
				CLANG_CXX_LIBRARY = "libc++";
				CLANG_ENABLE_MODULES = YES;
				CLANG_ENABLE_OBJC_ARC = YES;
				CLANG_WARN_BOOL_CONVERSION = YES;
				CLANG_WARN_CONSTANT_CONVERSION = YES;
				CLANG_WARN_DIRECT_OBJC_ISA_USAGE = YES_ERROR;
				CLANG_WARN_DOCUMENTATION_COMMENTS = YES;
				CLANG_WARN_EMPTY_BODY = YES;
				CLANG_WARN_ENUM_CONVERSION = YES;
				CLANG_WARN_INFINITE_RECURSION = YES;
				CLANG_WARN_INT_CONVERSION = YES;
				CLANG_WARN_OBJC_ROOT_CLASS = YES_ERROR;
				CLANG_WARN_SUSPICIOUS_MOVE = YES;
				CLANG_WARN_SUSPICIOUS_MOVES = YES;
				CLANG_WARN_UNREACHABLE_CODE = YES;
				CLANG_WARN__DUPLICATE_METHOD_MATCH = YES;
				"CODE_SIGN_IDENTITY[sdk=iphoneos*]" = "iPhone Developer";
				COPY_PHASE_STRIP = NO;
				CURRENT_PROJECT_VERSION = 1;
				DEBUG_INFORMATION_FORMAT = dwarf;
				ENABLE_STRICT_OBJC_MSGSEND = YES;
				ENABLE_TESTABILITY = YES;
				GCC_C_LANGUAGE_STANDARD = gnu99;
				GCC_DYNAMIC_NO_PIC = NO;
				GCC_NO_COMMON_BLOCKS = YES;
				GCC_OPTIMIZATION_LEVEL = 0;
				GCC_PREPROCESSOR_DEFINITIONS = (
					"DEBUG=1",
					"$(inherited)",
				);
				GCC_WARN_64_TO_32_BIT_CONVERSION = YES;
				GCC_WARN_ABOUT_RETURN_TYPE = YES_ERROR;
				GCC_WARN_UNDECLARED_SELECTOR = YES;
				GCC_WARN_UNINITIALIZED_AUTOS = YES_AGGRESSIVE;
				GCC_WARN_UNUSED_FUNCTION = YES;
				GCC_WARN_UNUSED_VARIABLE = YES;
				IPHONEOS_DEPLOYMENT_TARGET = 10.1;
				MTL_ENABLE_DEBUG_INFO = YES;
				ONLY_ACTIVE_ARCH = YES;
				SDKROOT = iphoneos;
				SWIFT_ACTIVE_COMPILATION_CONDITIONS = DEBUG;
				SWIFT_OPTIMIZATION_LEVEL = "-Onone";
				TARGETED_DEVICE_FAMILY = "1,2";
				VERSIONING_SYSTEM = "apple-generic";
				VERSION_INFO_PREFIX = "";
			};
			name = Debug;
		};
		DA7A02831DFF638400FF2EAE /* Release */ = {
			isa = XCBuildConfiguration;
			buildSettings = {
				ALWAYS_SEARCH_USER_PATHS = NO;
				CLANG_ANALYZER_LOCALIZABILITY_NONLOCALIZED = YES;
				CLANG_ANALYZER_NONNULL = YES;
				CLANG_CXX_LANGUAGE_STANDARD = "gnu++0x";
				CLANG_CXX_LIBRARY = "libc++";
				CLANG_ENABLE_MODULES = YES;
				CLANG_ENABLE_OBJC_ARC = YES;
				CLANG_WARN_BOOL_CONVERSION = YES;
				CLANG_WARN_CONSTANT_CONVERSION = YES;
				CLANG_WARN_DIRECT_OBJC_ISA_USAGE = YES_ERROR;
				CLANG_WARN_DOCUMENTATION_COMMENTS = YES;
				CLANG_WARN_EMPTY_BODY = YES;
				CLANG_WARN_ENUM_CONVERSION = YES;
				CLANG_WARN_INFINITE_RECURSION = YES;
				CLANG_WARN_INT_CONVERSION = YES;
				CLANG_WARN_OBJC_ROOT_CLASS = YES_ERROR;
				CLANG_WARN_SUSPICIOUS_MOVE = YES;
				CLANG_WARN_SUSPICIOUS_MOVES = YES;
				CLANG_WARN_UNREACHABLE_CODE = YES;
				CLANG_WARN__DUPLICATE_METHOD_MATCH = YES;
				"CODE_SIGN_IDENTITY[sdk=iphoneos*]" = "iPhone Developer";
				COPY_PHASE_STRIP = NO;
				CURRENT_PROJECT_VERSION = 1;
				DEBUG_INFORMATION_FORMAT = "dwarf-with-dsym";
				ENABLE_NS_ASSERTIONS = NO;
				ENABLE_STRICT_OBJC_MSGSEND = YES;
				GCC_C_LANGUAGE_STANDARD = gnu99;
				GCC_NO_COMMON_BLOCKS = YES;
				GCC_WARN_64_TO_32_BIT_CONVERSION = YES;
				GCC_WARN_ABOUT_RETURN_TYPE = YES_ERROR;
				GCC_WARN_UNDECLARED_SELECTOR = YES;
				GCC_WARN_UNINITIALIZED_AUTOS = YES_AGGRESSIVE;
				GCC_WARN_UNUSED_FUNCTION = YES;
				GCC_WARN_UNUSED_VARIABLE = YES;
				IPHONEOS_DEPLOYMENT_TARGET = 10.1;
				MTL_ENABLE_DEBUG_INFO = NO;
				SDKROOT = iphoneos;
				SWIFT_OPTIMIZATION_LEVEL = "-Owholemodule";
				TARGETED_DEVICE_FAMILY = "1,2";
				VALIDATE_PRODUCT = YES;
				VERSIONING_SYSTEM = "apple-generic";
				VERSION_INFO_PREFIX = "";
			};
			name = Release;
		};
		DA7A02851DFF638400FF2EAE /* Debug */ = {
			isa = XCBuildConfiguration;
			buildSettings = {
				CLANG_ENABLE_MODULES = YES;
				CODE_SIGN_IDENTITY = "";
				DEFINES_MODULE = YES;
				DEVELOPMENT_TEAM = GXB2YASNT3;
				DYLIB_COMPATIBILITY_VERSION = 1;
				DYLIB_CURRENT_VERSION = 1;
				DYLIB_INSTALL_NAME_BASE = "@rpath";
				FRAMEWORK_SEARCH_PATHS = (
					"$(inherited)",
					"$(PROJECT_DIR)/Carthage/Build/iOS",
				);
				GCC_TREAT_WARNINGS_AS_ERRORS = YES;
				INFOPLIST_FILE = ColorCalendar/Info.plist;
				INSTALL_PATH = "$(LOCAL_LIBRARY_DIR)/Frameworks";
				IPHONEOS_DEPLOYMENT_TARGET = 9.3;
				LD_RUNPATH_SEARCH_PATHS = "$(inherited) @executable_path/Frameworks @loader_path/Frameworks";
				PRODUCT_BUNDLE_IDENTIFIER = com.kartjuba.ColorCalendar;
				PRODUCT_NAME = "$(TARGET_NAME)";
				SKIP_INSTALL = YES;
				SWIFT_OPTIMIZATION_LEVEL = "-Onone";
				SWIFT_TREAT_WARNINGS_AS_ERRORS = YES;
				SWIFT_VERSION = 3.0;
			};
			name = Debug;
		};
		DA7A02861DFF638400FF2EAE /* Release */ = {
			isa = XCBuildConfiguration;
			buildSettings = {
				CLANG_ENABLE_MODULES = YES;
				CODE_SIGN_IDENTITY = "";
				DEFINES_MODULE = YES;
				DEVELOPMENT_TEAM = GXB2YASNT3;
				DYLIB_COMPATIBILITY_VERSION = 1;
				DYLIB_CURRENT_VERSION = 1;
				DYLIB_INSTALL_NAME_BASE = "@rpath";
				FRAMEWORK_SEARCH_PATHS = (
					"$(inherited)",
					"$(PROJECT_DIR)/Carthage/Build/iOS",
				);
				GCC_TREAT_WARNINGS_AS_ERRORS = YES;
				INFOPLIST_FILE = ColorCalendar/Info.plist;
				INSTALL_PATH = "$(LOCAL_LIBRARY_DIR)/Frameworks";
				IPHONEOS_DEPLOYMENT_TARGET = 9.3;
				LD_RUNPATH_SEARCH_PATHS = "$(inherited) @executable_path/Frameworks @loader_path/Frameworks";
				PRODUCT_BUNDLE_IDENTIFIER = com.kartjuba.ColorCalendar;
				PRODUCT_NAME = "$(TARGET_NAME)";
				SKIP_INSTALL = YES;
				SWIFT_TREAT_WARNINGS_AS_ERRORS = YES;
				SWIFT_VERSION = 3.0;
			};
			name = Release;
		};
		DA7A02881DFF638400FF2EAE /* Debug */ = {
			isa = XCBuildConfiguration;
			buildSettings = {
				ALWAYS_EMBED_SWIFT_STANDARD_LIBRARIES = YES;
				DEVELOPMENT_TEAM = GXB2YASNT3;
				FRAMEWORK_SEARCH_PATHS = (
					"$(inherited)",
					"$(PROJECT_DIR)/Carthage/Build/iOS",
				);
				INFOPLIST_FILE = ColorCalendarTests/Info.plist;
				LD_RUNPATH_SEARCH_PATHS = "$(inherited) @executable_path/Frameworks @loader_path/Frameworks";
				PRODUCT_BUNDLE_IDENTIFIER = com.kartjuba.ColorCalendarTests;
				PRODUCT_NAME = "$(TARGET_NAME)";
				SWIFT_VERSION = 3.0;
				TEST_HOST = "$(BUILT_PRODUCTS_DIR)/WorkRosterApp.app/WorkRosterApp";
			};
			name = Debug;
		};
		DA7A02891DFF638400FF2EAE /* Release */ = {
			isa = XCBuildConfiguration;
			buildSettings = {
				ALWAYS_EMBED_SWIFT_STANDARD_LIBRARIES = YES;
				DEVELOPMENT_TEAM = GXB2YASNT3;
				FRAMEWORK_SEARCH_PATHS = (
					"$(inherited)",
					"$(PROJECT_DIR)/Carthage/Build/iOS",
				);
				INFOPLIST_FILE = ColorCalendarTests/Info.plist;
				LD_RUNPATH_SEARCH_PATHS = "$(inherited) @executable_path/Frameworks @loader_path/Frameworks";
				PRODUCT_BUNDLE_IDENTIFIER = com.kartjuba.ColorCalendarTests;
				PRODUCT_NAME = "$(TARGET_NAME)";
				SWIFT_VERSION = 3.0;
				TEST_HOST = "$(BUILT_PRODUCTS_DIR)/WorkRosterApp.app/WorkRosterApp";
			};
			name = Release;
		};
		DAB7CD821E0C1DC800C94638 /* Debug */ = {
			isa = XCBuildConfiguration;
			buildSettings = {
				ALWAYS_EMBED_SWIFT_STANDARD_LIBRARIES = YES;
				ASSETCATALOG_COMPILER_APPICON_NAME = AppIcon;
				DEVELOPMENT_TEAM = GXB2YASNT3;
				FRAMEWORK_SEARCH_PATHS = (
					"$(inherited)",
					"$(PROJECT_DIR)/Carthage/Build/iOS",
				);
				GCC_TREAT_WARNINGS_AS_ERRORS = YES;
				INFOPLIST_FILE = WorkRosterApp/Info.plist;
				IPHONEOS_DEPLOYMENT_TARGET = 9.3;
				LD_RUNPATH_SEARCH_PATHS = "$(inherited) @executable_path/Frameworks";
				PRODUCT_BUNDLE_IDENTIFIER = com.kartjuba.WorkRosterApp;
				PRODUCT_NAME = "$(TARGET_NAME)";
				SWIFT_TREAT_WARNINGS_AS_ERRORS = YES;
				SWIFT_VERSION = 3.0;
			};
			name = Debug;
		};
		DAB7CD831E0C1DC800C94638 /* Release */ = {
			isa = XCBuildConfiguration;
			buildSettings = {
				ALWAYS_EMBED_SWIFT_STANDARD_LIBRARIES = YES;
				ASSETCATALOG_COMPILER_APPICON_NAME = AppIcon;
				DEVELOPMENT_TEAM = GXB2YASNT3;
				FRAMEWORK_SEARCH_PATHS = (
					"$(inherited)",
					"$(PROJECT_DIR)/Carthage/Build/iOS",
				);
				GCC_TREAT_WARNINGS_AS_ERRORS = YES;
				INFOPLIST_FILE = WorkRosterApp/Info.plist;
				IPHONEOS_DEPLOYMENT_TARGET = 9.3;
				LD_RUNPATH_SEARCH_PATHS = "$(inherited) @executable_path/Frameworks";
				PRODUCT_BUNDLE_IDENTIFIER = com.kartjuba.WorkRosterApp;
				PRODUCT_NAME = "$(TARGET_NAME)";
				SWIFT_TREAT_WARNINGS_AS_ERRORS = YES;
				SWIFT_VERSION = 3.0;
			};
			name = Release;
		};
		DAB7CD851E0C1DC800C94638 /* Debug */ = {
			isa = XCBuildConfiguration;
			buildSettings = {
				ALWAYS_EMBED_SWIFT_STANDARD_LIBRARIES = YES;
				BUNDLE_LOADER = "$(TEST_HOST)";
				DEVELOPMENT_TEAM = GXB2YASNT3;
				INFOPLIST_FILE = WorkRosterAppTests/Info.plist;
				IPHONEOS_DEPLOYMENT_TARGET = 10.2;
				LD_RUNPATH_SEARCH_PATHS = "$(inherited) @executable_path/Frameworks @loader_path/Frameworks";
				PRODUCT_BUNDLE_IDENTIFIER = com.kartjuba.WorkRosterAppTests;
				PRODUCT_NAME = "$(TARGET_NAME)";
				SWIFT_VERSION = 3.0;
				TEST_HOST = "$(BUILT_PRODUCTS_DIR)/WorkRosterApp.app/WorkRosterApp";
			};
			name = Debug;
		};
		DAB7CD861E0C1DC800C94638 /* Release */ = {
			isa = XCBuildConfiguration;
			buildSettings = {
				ALWAYS_EMBED_SWIFT_STANDARD_LIBRARIES = YES;
				BUNDLE_LOADER = "$(TEST_HOST)";
				DEVELOPMENT_TEAM = GXB2YASNT3;
				INFOPLIST_FILE = WorkRosterAppTests/Info.plist;
				IPHONEOS_DEPLOYMENT_TARGET = 10.2;
				LD_RUNPATH_SEARCH_PATHS = "$(inherited) @executable_path/Frameworks @loader_path/Frameworks";
				PRODUCT_BUNDLE_IDENTIFIER = com.kartjuba.WorkRosterAppTests;
				PRODUCT_NAME = "$(TARGET_NAME)";
				SWIFT_VERSION = 3.0;
				TEST_HOST = "$(BUILT_PRODUCTS_DIR)/WorkRosterApp.app/WorkRosterApp";
			};
			name = Release;
		};
		DAB7CD881E0C1DC800C94638 /* Debug */ = {
			isa = XCBuildConfiguration;
			buildSettings = {
				ALWAYS_EMBED_SWIFT_STANDARD_LIBRARIES = YES;
				DEVELOPMENT_TEAM = GXB2YASNT3;
				INFOPLIST_FILE = WorkRosterAppUITests/Info.plist;
				IPHONEOS_DEPLOYMENT_TARGET = 10.2;
				LD_RUNPATH_SEARCH_PATHS = "$(inherited) @executable_path/Frameworks @loader_path/Frameworks";
				PRODUCT_BUNDLE_IDENTIFIER = com.kartjuba.WorkRosterAppUITests;
				PRODUCT_NAME = "$(TARGET_NAME)";
				SWIFT_VERSION = 3.0;
				TEST_TARGET_NAME = WorkRosterApp;
			};
			name = Debug;
		};
		DAB7CD891E0C1DC800C94638 /* Release */ = {
			isa = XCBuildConfiguration;
			buildSettings = {
				ALWAYS_EMBED_SWIFT_STANDARD_LIBRARIES = YES;
				DEVELOPMENT_TEAM = GXB2YASNT3;
				INFOPLIST_FILE = WorkRosterAppUITests/Info.plist;
				IPHONEOS_DEPLOYMENT_TARGET = 10.2;
				LD_RUNPATH_SEARCH_PATHS = "$(inherited) @executable_path/Frameworks @loader_path/Frameworks";
				PRODUCT_BUNDLE_IDENTIFIER = com.kartjuba.WorkRosterAppUITests;
				PRODUCT_NAME = "$(TARGET_NAME)";
				SWIFT_VERSION = 3.0;
				TEST_TARGET_NAME = WorkRosterApp;
			};
			name = Release;
		};
		DAEE47581E1D722B00086823 /* Debug */ = {
			isa = XCBuildConfiguration;
			buildSettings = {
				CLANG_ENABLE_MODULES = YES;
				CODE_SIGN_IDENTITY = "";
				DEFINES_MODULE = YES;
				DEVELOPMENT_TEAM = GXB2YASNT3;
				DYLIB_COMPATIBILITY_VERSION = 1;
				DYLIB_CURRENT_VERSION = 1;
				DYLIB_INSTALL_NAME_BASE = "@rpath";
				GCC_TREAT_WARNINGS_AS_ERRORS = YES;
				INFOPLIST_FILE = Roster/Info.plist;
				INSTALL_PATH = "$(LOCAL_LIBRARY_DIR)/Frameworks";
				IPHONEOS_DEPLOYMENT_TARGET = 9.3;
				LD_RUNPATH_SEARCH_PATHS = "$(inherited) @executable_path/Frameworks @loader_path/Frameworks";
				PRODUCT_BUNDLE_IDENTIFIER = com.kartjuba.Roster;
				PRODUCT_NAME = "$(TARGET_NAME)";
				SKIP_INSTALL = YES;
				SWIFT_OPTIMIZATION_LEVEL = "-Onone";
				SWIFT_TREAT_WARNINGS_AS_ERRORS = YES;
				SWIFT_VERSION = 3.0;
			};
			name = Debug;
		};
		DAEE47591E1D722B00086823 /* Release */ = {
			isa = XCBuildConfiguration;
			buildSettings = {
				CLANG_ENABLE_MODULES = YES;
				CODE_SIGN_IDENTITY = "";
				DEFINES_MODULE = YES;
				DEVELOPMENT_TEAM = GXB2YASNT3;
				DYLIB_COMPATIBILITY_VERSION = 1;
				DYLIB_CURRENT_VERSION = 1;
				DYLIB_INSTALL_NAME_BASE = "@rpath";
				GCC_TREAT_WARNINGS_AS_ERRORS = YES;
				INFOPLIST_FILE = Roster/Info.plist;
				INSTALL_PATH = "$(LOCAL_LIBRARY_DIR)/Frameworks";
				IPHONEOS_DEPLOYMENT_TARGET = 9.3;
				LD_RUNPATH_SEARCH_PATHS = "$(inherited) @executable_path/Frameworks @loader_path/Frameworks";
				PRODUCT_BUNDLE_IDENTIFIER = com.kartjuba.Roster;
				PRODUCT_NAME = "$(TARGET_NAME)";
				SKIP_INSTALL = YES;
				SWIFT_TREAT_WARNINGS_AS_ERRORS = YES;
				SWIFT_VERSION = 3.0;
			};
			name = Release;
		};
		DAEE475B1E1D722B00086823 /* Debug */ = {
			isa = XCBuildConfiguration;
			buildSettings = {
				ALWAYS_EMBED_SWIFT_STANDARD_LIBRARIES = YES;
				DEVELOPMENT_TEAM = GXB2YASNT3;
				INFOPLIST_FILE = RosterTests/Info.plist;
				IPHONEOS_DEPLOYMENT_TARGET = 10.2;
				LD_RUNPATH_SEARCH_PATHS = "$(inherited) @executable_path/Frameworks @loader_path/Frameworks";
				PRODUCT_BUNDLE_IDENTIFIER = com.kartjuba.RosterTests;
				PRODUCT_NAME = "$(TARGET_NAME)";
				SWIFT_VERSION = 3.0;
				TEST_HOST = "$(BUILT_PRODUCTS_DIR)/WorkRosterApp.app/WorkRosterApp";
			};
			name = Debug;
		};
		DAEE475C1E1D722B00086823 /* Release */ = {
			isa = XCBuildConfiguration;
			buildSettings = {
				ALWAYS_EMBED_SWIFT_STANDARD_LIBRARIES = YES;
				DEVELOPMENT_TEAM = GXB2YASNT3;
				INFOPLIST_FILE = RosterTests/Info.plist;
				IPHONEOS_DEPLOYMENT_TARGET = 10.2;
				LD_RUNPATH_SEARCH_PATHS = "$(inherited) @executable_path/Frameworks @loader_path/Frameworks";
				PRODUCT_BUNDLE_IDENTIFIER = com.kartjuba.RosterTests;
				PRODUCT_NAME = "$(TARGET_NAME)";
				SWIFT_VERSION = 3.0;
				TEST_HOST = "$(BUILT_PRODUCTS_DIR)/WorkRosterApp.app/WorkRosterApp";
			};
			name = Release;
		};
/* End XCBuildConfiguration section */

/* Begin XCConfigurationList section */
		DA7A026A1DFF638300FF2EAE /* Build configuration list for PBXProject "ColorCalendar" */ = {
			isa = XCConfigurationList;
			buildConfigurations = (
				DA7A02821DFF638400FF2EAE /* Debug */,
				DA7A02831DFF638400FF2EAE /* Release */,
			);
			defaultConfigurationIsVisible = 0;
			defaultConfigurationName = Release;
		};
		DA7A02841DFF638400FF2EAE /* Build configuration list for PBXNativeTarget "ColorCalendar" */ = {
			isa = XCConfigurationList;
			buildConfigurations = (
				DA7A02851DFF638400FF2EAE /* Debug */,
				DA7A02861DFF638400FF2EAE /* Release */,
			);
			defaultConfigurationIsVisible = 0;
			defaultConfigurationName = Release;
		};
		DA7A02871DFF638400FF2EAE /* Build configuration list for PBXNativeTarget "ColorCalendarTests" */ = {
			isa = XCConfigurationList;
			buildConfigurations = (
				DA7A02881DFF638400FF2EAE /* Debug */,
				DA7A02891DFF638400FF2EAE /* Release */,
			);
			defaultConfigurationIsVisible = 0;
			defaultConfigurationName = Release;
		};
		DAB7CD811E0C1DC800C94638 /* Build configuration list for PBXNativeTarget "WorkRosterApp" */ = {
			isa = XCConfigurationList;
			buildConfigurations = (
				DAB7CD821E0C1DC800C94638 /* Debug */,
				DAB7CD831E0C1DC800C94638 /* Release */,
			);
			defaultConfigurationIsVisible = 0;
			defaultConfigurationName = Release;
		};
		DAB7CD841E0C1DC800C94638 /* Build configuration list for PBXNativeTarget "WorkRosterAppTests" */ = {
			isa = XCConfigurationList;
			buildConfigurations = (
				DAB7CD851E0C1DC800C94638 /* Debug */,
				DAB7CD861E0C1DC800C94638 /* Release */,
			);
			defaultConfigurationIsVisible = 0;
			defaultConfigurationName = Release;
		};
		DAB7CD871E0C1DC800C94638 /* Build configuration list for PBXNativeTarget "WorkRosterAppUITests" */ = {
			isa = XCConfigurationList;
			buildConfigurations = (
				DAB7CD881E0C1DC800C94638 /* Debug */,
				DAB7CD891E0C1DC800C94638 /* Release */,
			);
			defaultConfigurationIsVisible = 0;
			defaultConfigurationName = Release;
		};
		DAEE47571E1D722B00086823 /* Build configuration list for PBXNativeTarget "Roster" */ = {
			isa = XCConfigurationList;
			buildConfigurations = (
				DAEE47581E1D722B00086823 /* Debug */,
				DAEE47591E1D722B00086823 /* Release */,
			);
			defaultConfigurationIsVisible = 0;
			defaultConfigurationName = Release;
		};
		DAEE475A1E1D722B00086823 /* Build configuration list for PBXNativeTarget "RosterTests" */ = {
			isa = XCConfigurationList;
			buildConfigurations = (
				DAEE475B1E1D722B00086823 /* Debug */,
				DAEE475C1E1D722B00086823 /* Release */,
			);
			defaultConfigurationIsVisible = 0;
			defaultConfigurationName = Release;
		};
/* End XCConfigurationList section */
	};
	rootObject = DA7A02671DFF638300FF2EAE /* Project object */;
}
